
Microsoft Visual Studio Solution File, Format Version 12.00
# Visual Studio Version 17
VisualStudioVersion = 17.13.35913.81 d17.13
MinimumVisualStudioVersion = 10.0.40219.1
Project("{FAE04EC0-301F-11D3-BF4B-00C04F79EFBC}") = "FinalProject", "FinalProject\FinalProject.csproj", "{E5ADEA09-D509-4FC0-9FBD-19EB2C578013}"
EndProject
Global
	GlobalSection(SolutionConfigurationPlatforms) = preSolution
		Debug|Any CPU = Debug|Any CPU
		Release|Any CPU = Release|Any CPU
	EndGlobalSection
	GlobalSection(ProjectConfigurationPlatforms) = postSolution
		{E5ADEA09-D509-4FC0-9FBD-19EB2C578013}.Debug|Any CPU.ActiveCfg = Debug|Any CPU
		{E5ADEA09-D509-4FC0-9FBD-19EB2C578013}.Debug|Any CPU.Build.0 = Debug|Any CPU
		{E5ADEA09-D509-4FC0-9FBD-19EB2C578013}.Release|Any CPU.ActiveCfg = Release|Any CPU
		{E5ADEA09-D509-4FC0-9FBD-19EB2C578013}.Release|Any CPU.Build.0 = Release|Any CPU
	EndGlobalSection
	GlobalSection(SolutionProperties) = preSolution
		HideSolutionNode = FALSE
	EndGlobalSection
	GlobalSection(ExtensibilityGlobals) = postSolution
		SolutionGuid = {CDCC4357-4455-4B87-ABD4-1E4213A8E2ED}
	EndGlobalSection
EndGlobal
